
Microsoft Visual Studio Solution File, Format Version 12.00
# Visual Studio Version 16
VisualStudioVersion = 16.0.32602.291
MinimumVisualStudioVersion = 10.0.40219.1
Project("{FAE04EC0-301F-11D3-BF4B-00C04F79EFBC}") = "SquareCalculate", "SquareCalculate\SquareCalculate.csproj", "{F0180D5F-79D7-45B9-ACD2-528C2CB18E60}"
EndProject
Project("{FAE04EC0-301F-11D3-BF4B-00C04F79EFBC}") = "TestProject", "TestProject\TestProject.csproj", "{C31E2FCB-4827-438E-840B-206C2E252E63}"
EndProject
Global
	GlobalSection(SolutionConfigurationPlatforms) = preSolution
		Debug|Any CPU = Debug|Any CPU
		Release|Any CPU = Release|Any CPU
	EndGlobalSection
	GlobalSection(ProjectConfigurationPlatforms) = postSolution
		{F0180D5F-79D7-45B9-ACD2-528C2CB18E60}.Debug|Any CPU.ActiveCfg = Debug|Any CPU
		{F0180D5F-79D7-45B9-ACD2-528C2CB18E60}.Debug|Any CPU.Build.0 = Debug|Any CPU
		{F0180D5F-79D7-45B9-ACD2-528C2CB18E60}.Release|Any CPU.ActiveCfg = Release|Any CPU
		{F0180D5F-79D7-45B9-ACD2-528C2CB18E60}.Release|Any CPU.Build.0 = Release|Any CPU
		{C31E2FCB-4827-438E-840B-206C2E252E63}.Debug|Any CPU.ActiveCfg = Debug|Any CPU
		{C31E2FCB-4827-438E-840B-206C2E252E63}.Debug|Any CPU.Build.0 = Debug|Any CPU
		{C31E2FCB-4827-438E-840B-206C2E252E63}.Release|Any CPU.ActiveCfg = Release|Any CPU
		{C31E2FCB-4827-438E-840B-206C2E252E63}.Release|Any CPU.Build.0 = Release|Any CPU
	EndGlobalSection
	GlobalSection(SolutionProperties) = preSolution
		HideSolutionNode = FALSE
	EndGlobalSection
	GlobalSection(ExtensibilityGlobals) = postSolution
		SolutionGuid = {F2546508-B649-47EA-9F5B-5DF87CA9F702}
	EndGlobalSection
EndGlobal
